PODS:
  - GlossButtonNode (1.2.0):
    - Texture/Core (~> 2.8)
    - TextureSwiftSupport
  - Reveal-SDK (26)
  - Texture/Core (2.8.1)
  - TextureBridging (1.3.0):
    - Texture/Core (~> 2.8.1)
  - TextureSwiftSupport (1.8.0):
    - Texture/Core (~> 2.8)

DEPENDENCIES:
  - GlossButtonNode
  - Reveal-SDK
  - "Texture/Core (from `git@github.com:TextureGroup/Texture`, commit `b59c6d07e15ebdb40fdd8fb40e4ce7f1766e8ca2`)"
  - TextureBridging
  - TextureSwiftSupport

SPEC REPOS:
  trunk:
    - GlossButtonNode
    - Reveal-SDK
    - TextureBridging
    - TextureSwiftSupport

EXTERNAL SOURCES:
  Texture:
    :commit: b59c6d07e15ebdb40fdd8fb40e4ce7f1766e8ca2
    :git: "git@github.com:TextureGroup/Texture"

CHECKOUT OPTIONS:
  Texture:
    :commit: b59c6d07e15ebdb40fdd8fb40e4ce7f1766e8ca2
    :git: "git@github.com:TextureGroup/Texture"

SPEC CHECKSUMS:
  GlossButtonNode: 20b302c4d1bb0765487e282a5a19933c61256f78
  Reveal-SDK: 5f94f14aff3d5f2a49f246edcd266fa4472679e9
  Texture: 6811322192a44ed35bcd53772aa8df8965d9796b
  TextureBridging: 1012e667a3ffbae42bde3209da254c0ffc526df2
  TextureSwiftSupport: d41267636ebdc18555f83bb7a38a0170c8d59364

PODFILE CHECKSUM: 35007b8122001d3376b75060cb2bc3b57153ff4a

COCOAPODS: 1.8.4
