PODS:
  - GlossButtonNode (2.1.0):
    - Texture/Core (~> 3)
    - TextureSwiftSupport
  - Reveal-SDK (27)
  - Texture/Core (3.0.0)
  - TextureBridging (2.0.0):
    - Texture/Core (~> 3)
  - TextureSwiftSupport (3.2.0):
    - Texture/Core (~> 3)

DEPENDENCIES:
  - GlossButtonNode
  - Reveal-SDK
  - Texture/Core
  - TextureBridging
  - TextureSwiftSupport

SPEC REPOS:
  trunk:
    - GlossButtonNode
    - Reveal-SDK
    - Texture
    - TextureBridging
    - TextureSwiftSupport

SPEC CHECKSUMS:
  GlossButtonNode: 0b1471447cb4cebc8a959bbca574247ff6b0592b
  Reveal-SDK: 306e2880395ee396f5a8b4c485c3a86dd19866c7
  Texture: 2f109e937850d94d1d07232041c9c7313ccddb81
  TextureBridging: ce323b0c42f036df7efb8a41f758c52d673cf3bf
  TextureSwiftSupport: 2dfc0320e954f549d941f630843b097ab2abdec2

PODFILE CHECKSUM: 9037dc9c614a37080aad73e3b282861d22b9ad36

COCOAPODS: 1.9.3
