// !$*UTF8*$!
{
	archiveVersion = 1;
	classes = {
	};
	objectVersion = 51;
	objects = {

/* Begin PBXBuildFile section */
		4B00E66524B2E192009F6C7F /* VerticalScrollWrapperNode.swift in Sources */ = {isa = PBXBuildFile; fileRef = 4B00E66424B2E192009F6C7F /* VerticalScrollWrapperNode.swift */; };
		93A9C0CFB97CDD6B7C663AEB /* Pods_touch_event_practice.framework in Frameworks */ = {isa = PBXBuildFile; fileRef = B4115948288690C4A82647F9 /* Pods_touch_event_practice.framework */; };
		D44331B524AA28290027F8FC /* AppDelegate.swift in Sources */ = {isa = PBXBuildFile; fileRef = D44331B424AA28290027F8FC /* AppDelegate.swift */; };
		D44331B724AA28290027F8FC /* SceneDelegate.swift in Sources */ = {isa = PBXBuildFile; fileRef = D44331B624AA28290027F8FC /* SceneDelegate.swift */; };
		D44331B924AA28290027F8FC /* ViewController1.swift in Sources */ = {isa = PBXBuildFile; fileRef = D44331B824AA28290027F8FC /* ViewController1.swift */; };
		D44331BC24AA28290027F8FC /* Main.storyboard in Resources */ = {isa = PBXBuildFile; fileRef = D44331BA24AA28290027F8FC /* Main.storyboard */; };
		D44331BE24AA282A0027F8FC /* Assets.xcassets in Resources */ = {isa = PBXBuildFile; fileRef = D44331BD24AA282A0027F8FC /* Assets.xcassets */; };
		D44331C124AA282A0027F8FC /* LaunchScreen.storyboard in Resources */ = {isa = PBXBuildFile; fileRef = D44331BF24AA282A0027F8FC /* LaunchScreen.storyboard */; };
		D4CB7A0824AD737E00F26EA0 /* ViewController2.swift in Sources */ = {isa = PBXBuildFile; fileRef = D4CB7A0724AD737E00F26EA0 /* ViewController2.swift */; };
		D4CB7A0A24AEC0AA00F26EA0 /* ViewController3.swift in Sources */ = {isa = PBXBuildFile; fileRef = D4CB7A0924AEC0AA00F26EA0 /* ViewController3.swift */; };
/* End PBXBuildFile section */

/* Begin PBXFileReference section */
		49723FE1CD68D3CE675C0D62 /* Pods-touch-event-practice.release.xcconfig */ = {isa = PBXFileReference; includeInIndex = 1; lastKnownFileType = text.xcconfig; name = "Pods-touch-event-practice.release.xcconfig"; path = "Target Support Files/Pods-touch-event-practice/Pods-touch-event-practice.release.xcconfig"; sourceTree = "<group>"; };
		4B00E66424B2E192009F6C7F /* VerticalScrollWrapperNode.swift */ = {isa = PBXFileReference; lastKnownFileType = sourcecode.swift; path = VerticalScrollWrapperNode.swift; sourceTree = "<group>"; };
		AC080105AC52A9591C362B5C /* Pods-touch-event-practice.debug.xcconfig */ = {isa = PBXFileReference; includeInIndex = 1; lastKnownFileType = text.xcconfig; name = "Pods-touch-event-practice.debug.xcconfig"; path = "Target Support Files/Pods-touch-event-practice/Pods-touch-event-practice.debug.xcconfig"; sourceTree = "<group>"; };
		B4115948288690C4A82647F9 /* Pods_touch_event_practice.framework */ = {isa = PBXFileReference; explicitFileType = wrapper.framework; includeInIndex = 0; path = Pods_touch_event_practice.framework; sourceTree = BUILT_PRODUCTS_DIR; };
		D44331B124AA28290027F8FC /* touch-event-practice.app */ = {isa = PBXFileReference; explicitFileType = wrapper.application; includeInIndex = 0; path = "touch-event-practice.app"; sourceTree = BUILT_PRODUCTS_DIR; };
		D44331B424AA28290027F8FC /* AppDelegate.swift */ = {isa = PBXFileReference; lastKnownFileType = sourcecode.swift; path = AppDelegate.swift; sourceTree = "<group>"; };
		D44331B624AA28290027F8FC /* SceneDelegate.swift */ = {isa = PBXFileReference; lastKnownFileType = sourcecode.swift; path = SceneDelegate.swift; sourceTree = "<group>"; };
		D44331B824AA28290027F8FC /* ViewController1.swift */ = {isa = PBXFileReference; lastKnownFileType = sourcecode.swift; path = ViewController1.swift; sourceTree = "<group>"; };
		D44331BB24AA28290027F8FC /* Base */ = {isa = PBXFileReference; lastKnownFileType = file.storyboard; name = Base; path = Base.lproj/Main.storyboard; sourceTree = "<group>"; };
		D44331BD24AA282A0027F8FC /* Assets.xcassets */ = {isa = PBXFileReference; lastKnownFileType = folder.assetcatalog; path = Assets.xcassets; sourceTree = "<group>"; };
		D44331C024AA282A0027F8FC /* Base */ = {isa = PBXFileReference; lastKnownFileType = file.storyboard; name = Base; path = Base.lproj/LaunchScreen.storyboard; sourceTree = "<group>"; };
		D44331C224AA282A0027F8FC /* Info.plist */ = {isa = PBXFileReference; lastKnownFileType = text.plist.xml; path = Info.plist; sourceTree = "<group>"; };
		D4CB7A0724AD737E00F26EA0 /* ViewController2.swift */ = {isa = PBXFileReference; lastKnownFileType = sourcecode.swift; path = ViewController2.swift; sourceTree = "<group>"; };
		D4CB7A0924AEC0AA00F26EA0 /* ViewController3.swift */ = {isa = PBXFileReference; lastKnownFileType = sourcecode.swift; path = ViewController3.swift; sourceTree = "<group>"; };
/* End PBXFileReference section */

/* Begin PBXFrameworksBuildPhase section */
		D44331AE24AA28290027F8FC /* Frameworks */ = {
			isa = PBXFrameworksBuildPhase;
			buildActionMask = 2147483647;
			files = (
				93A9C0CFB97CDD6B7C663AEB /* Pods_touch_event_practice.framework in Frameworks */,
			);
			runOnlyForDeploymentPostprocessing = 0;
		};
/* End PBXFrameworksBuildPhase section */

/* Begin PBXGroup section */
		73D7AB476E2EE89163827C07 /* Frameworks */ = {
			isa = PBXGroup;
			children = (
				B4115948288690C4A82647F9 /* Pods_touch_event_practice.framework */,
			);
			name = Frameworks;
			sourceTree = "<group>";
		};
		D44331A824AA28290027F8FC = {
			isa = PBXGroup;
			children = (
				D44331B324AA28290027F8FC /* touch-event-practice */,
				D44331B224AA28290027F8FC /* Products */,
				F7F451BBEDC5869A4377967A /* Pods */,
				73D7AB476E2EE89163827C07 /* Frameworks */,
			);
			sourceTree = "<group>";
		};
		D44331B224AA28290027F8FC /* Products */ = {
			isa = PBXGroup;
			children = (
				D44331B124AA28290027F8FC /* touch-event-practice.app */,
			);
			name = Products;
			sourceTree = "<group>";
		};
		D44331B324AA28290027F8FC /* touch-event-practice */ = {
			isa = PBXGroup;
			children = (
				D44331B424AA28290027F8FC /* AppDelegate.swift */,
				D44331B624AA28290027F8FC /* SceneDelegate.swift */,
				D44331B824AA28290027F8FC /* ViewController1.swift */,
				D4CB7A0724AD737E00F26EA0 /* ViewController2.swift */,
				D4CB7A0924AEC0AA00F26EA0 /* ViewController3.swift */,
				4B00E66424B2E192009F6C7F /* VerticalScrollWrapperNode.swift */,
				D44331BA24AA28290027F8FC /* Main.storyboard */,
				D44331BD24AA282A0027F8FC /* Assets.xcassets */,
				D44331BF24AA282A0027F8FC /* LaunchScreen.storyboard */,
				D44331C224AA282A0027F8FC /* Info.plist */,
			);
			path = "touch-event-practice";
			sourceTree = "<group>";
		};
		F7F451BBEDC5869A4377967A /* Pods */ = {
			isa = PBXGroup;
			children = (
				AC080105AC52A9591C362B5C /* Pods-touch-event-practice.debug.xcconfig */,
				49723FE1CD68D3CE675C0D62 /* Pods-touch-event-practice.release.xcconfig */,
			);
			path = Pods;
			sourceTree = "<group>";
		};
/* End PBXGroup section */

/* Begin PBXNativeTarget section */
		D44331B024AA28290027F8FC /* touch-event-practice */ = {
			isa = PBXNativeTarget;
			buildConfigurationList = D44331C524AA282A0027F8FC /* Build configuration list for PBXNativeTarget "touch-event-practice" */;
			buildPhases = (
				487C3DA416F0BECA84D5C947 /* [CP] Check Pods Manifest.lock */,
				D44331AD24AA28290027F8FC /* Sources */,
				D44331AE24AA28290027F8FC /* Frameworks */,
				D44331AF24AA28290027F8FC /* Resources */,
				7891BAD7A99D5CC8194EAABE /* [CP] Embed Pods Frameworks */,
			);
			buildRules = (
			);
			dependencies = (
			);
			name = "touch-event-practice";
			productName = "touch-event-practice";
			productReference = D44331B124AA28290027F8FC /* touch-event-practice.app */;
			productType = "com.apple.product-type.application";
		};
/* End PBXNativeTarget section */

/* Begin PBXProject section */
		D44331A924AA28290027F8FC /* Project object */ = {
			isa = PBXProject;
			attributes = {
				LastSwiftUpdateCheck = 1140;
				LastUpgradeCheck = 1140;
				ORGANIZATIONNAME = jinsei_shima;
				TargetAttributes = {
					D44331B024AA28290027F8FC = {
						CreatedOnToolsVersion = 11.4;
					};
				};
			};
			buildConfigurationList = D44331AC24AA28290027F8FC /* Build configuration list for PBXProject "touch-event-practice" */;
			compatibilityVersion = "Xcode 9.3";
			developmentRegion = en;
			hasScannedForEncodings = 0;
			knownRegions = (
				en,
				Base,
			);
			mainGroup = D44331A824AA28290027F8FC;
			productRefGroup = D44331B224AA28290027F8FC /* Products */;
			projectDirPath = "";
			projectRoot = "";
			targets = (
				D44331B024AA28290027F8FC /* touch-event-practice */,
			);
		};
/* End PBXProject section */

/* Begin PBXResourcesBuildPhase section */
		D44331AF24AA28290027F8FC /* Resources */ = {
			isa = PBXResourcesBuildPhase;
			buildActionMask = 2147483647;
			files = (
				D44331C124AA282A0027F8FC /* LaunchScreen.storyboard in Resources */,
				D44331BE24AA282A0027F8FC /* Assets.xcassets in Resources */,
				D44331BC24AA28290027F8FC /* Main.storyboard in Resources */,
			);
			runOnlyForDeploymentPostprocessing = 0;
		};
/* End PBXResourcesBuildPhase section */

/* Begin PBXShellScriptBuildPhase section */
		487C3DA416F0BECA84D5C947 /* [CP] Check Pods Manifest.lock */ = {
			isa = PBXShellScriptBuildPhase;
			buildActionMask = 2147483647;
			files = (
			);
			inputFileListPaths = (
			);
			inputPaths = (
				"${PODS_PODFILE_DIR_PATH}/Podfile.lock",
				"${PODS_ROOT}/Manifest.lock",
			);
			name = "[CP] Check Pods Manifest.lock";
			outputFileListPaths = (
			);
			outputPaths = (
				"$(DERIVED_FILE_DIR)/Pods-touch-event-practice-checkManifestLockResult.txt",
			);
			runOnlyForDeploymentPostprocessing = 0;
			shellPath = /bin/sh;
			shellScript = "diff \"${PODS_PODFILE_DIR_PATH}/Podfile.lock\" \"${PODS_ROOT}/Manifest.lock\" > /dev/null\nif [ $? != 0 ] ; then\n    # print error to STDERR\n    echo \"error: The sandbox is not in sync with the Podfile.lock. Run 'pod install' or update your CocoaPods installation.\" >&2\n    exit 1\nfi\n# This output is used by Xcode 'outputs' to avoid re-running this script phase.\necho \"SUCCESS\" > \"${SCRIPT_OUTPUT_FILE_0}\"\n";
			showEnvVarsInLog = 0;
		};
		7891BAD7A99D5CC8194EAABE /* [CP] Embed Pods Frameworks */ = {
			isa = PBXShellScriptBuildPhase;
			buildActionMask = 2147483647;
			files = (
			);
			inputFileListPaths = (
				"${PODS_ROOT}/Target Support Files/Pods-touch-event-practice/Pods-touch-event-practice-frameworks-${CONFIGURATION}-input-files.xcfilelist",
			);
			name = "[CP] Embed Pods Frameworks";
			outputFileListPaths = (
				"${PODS_ROOT}/Target Support Files/Pods-touch-event-practice/Pods-touch-event-practice-frameworks-${CONFIGURATION}-output-files.xcfilelist",
			);
			runOnlyForDeploymentPostprocessing = 0;
			shellPath = /bin/sh;
			shellScript = "\"${PODS_ROOT}/Target Support Files/Pods-touch-event-practice/Pods-touch-event-practice-frameworks.sh\"\n";
			showEnvVarsInLog = 0;
		};
/* End PBXShellScriptBuildPhase section */

/* Begin PBXSourcesBuildPhase section */
		D44331AD24AA28290027F8FC /* Sources */ = {
			isa = PBXSourcesBuildPhase;
			buildActionMask = 2147483647;
			files = (
				D4CB7A0A24AEC0AA00F26EA0 /* ViewController3.swift in Sources */,
				D44331B924AA28290027F8FC /* ViewController1.swift in Sources */,
				D4CB7A0824AD737E00F26EA0 /* ViewController2.swift in Sources */,
				D44331B524AA28290027F8FC /* AppDelegate.swift in Sources */,
				4B00E66524B2E192009F6C7F /* VerticalScrollWrapperNode.swift in Sources */,
				D44331B724AA28290027F8FC /* SceneDelegate.swift in Sources */,
			);
			runOnlyForDeploymentPostprocessing = 0;
		};
/* End PBXSourcesBuildPhase section */

/* Begin PBXVariantGroup section */
		D44331BA24AA28290027F8FC /* Main.storyboard */ = {
			isa = PBXVariantGroup;
			children = (
				D44331BB24AA28290027F8FC /* Base */,
			);
			name = Main.storyboard;
			sourceTree = "<group>";
		};
		D44331BF24AA282A0027F8FC /* LaunchScreen.storyboard */ = {
			isa = PBXVariantGroup;
			children = (
				D44331C024AA282A0027F8FC /* Base */,
			);
			name = LaunchScreen.storyboard;
			sourceTree = "<group>";
		};
/* End PBXVariantGroup section */

/* Begin XCBuildConfiguration section */
		D44331C324AA282A0027F8FC /* Debug */ = {
			isa = XCBuildConfiguration;
			buildSettings = {
				ALWAYS_SEARCH_USER_PATHS = NO;
				CLANG_ANALYZER_NONNULL = YES;
				CLANG_ANALYZER_NUMBER_OBJECT_CONVERSION = YES_AGGRESSIVE;
				CLANG_CXX_LANGUAGE_STANDARD = "gnu++14";
				CLANG_CXX_LIBRARY = "libc++";
				CLANG_ENABLE_MODULES = YES;
				CLANG_ENABLE_OBJC_ARC = YES;
				CLANG_ENABLE_OBJC_WEAK = YES;
				CLANG_WARN_BLOCK_CAPTURE_AUTORELEASING = YES;
				CLANG_WARN_BOOL_CONVERSION = YES;
				CLANG_WARN_COMMA = YES;
				CLANG_WARN_CONSTANT_CONVERSION = YES;
				CLANG_WARN_DEPRECATED_OBJC_IMPLEMENTATIONS = YES;
				CLANG_WARN_DIRECT_OBJC_ISA_USAGE = YES_ERROR;
				CLANG_WARN_DOCUMENTATION_COMMENTS = YES;
				CLANG_WARN_EMPTY_BODY = YES;
				CLANG_WARN_ENUM_CONVERSION = YES;
				CLANG_WARN_INFINITE_RECURSION = YES;
				CLANG_WARN_INT_CONVERSION = YES;
				CLANG_WARN_NON_LITERAL_NULL_CONVERSION = YES;
				CLANG_WARN_OBJC_IMPLICIT_RETAIN_SELF = YES;
				CLANG_WARN_OBJC_LITERAL_CONVERSION = YES;
				CLANG_WARN_OBJC_ROOT_CLASS = YES_ERROR;
				CLANG_WARN_RANGE_LOOP_ANALYSIS = YES;
				CLANG_WARN_STRICT_PROTOTYPES = YES;
				CLANG_WARN_SUSPICIOUS_MOVE = YES;
				CLANG_WARN_UNGUARDED_AVAILABILITY = YES_AGGRESSIVE;
				CLANG_WARN_UNREACHABLE_CODE = YES;
				CLANG_WARN__DUPLICATE_METHOD_MATCH = YES;
				COPY_PHASE_STRIP = NO;
				DEBUG_INFORMATION_FORMAT = dwarf;
				ENABLE_STRICT_OBJC_MSGSEND = YES;
				ENABLE_TESTABILITY = YES;
				GCC_C_LANGUAGE_STANDARD = gnu11;
				GCC_DYNAMIC_NO_PIC = NO;
				GCC_NO_COMMON_BLOCKS = YES;
				GCC_OPTIMIZATION_LEVEL = 0;
				GCC_PREPROCESSOR_DEFINITIONS = (
					"DEBUG=1",
					"$(inherited)",
				);
				GCC_WARN_64_TO_32_BIT_CONVERSION = YES;
				GCC_WARN_ABOUT_RETURN_TYPE = YES_ERROR;
				GCC_WARN_UNDECLARED_SELECTOR = YES;
				GCC_WARN_UNINITIALIZED_AUTOS = YES_AGGRESSIVE;
				GCC_WARN_UNUSED_FUNCTION = YES;
				GCC_WARN_UNUSED_VARIABLE = YES;
				IPHONEOS_DEPLOYMENT_TARGET = 13.4;
				MTL_ENABLE_DEBUG_INFO = INCLUDE_SOURCE;
				MTL_FAST_MATH = YES;
				ONLY_ACTIVE_ARCH = YES;
				SDKROOT = iphoneos;
				SWIFT_ACTIVE_COMPILATION_CONDITIONS = DEBUG;
				SWIFT_OPTIMIZATION_LEVEL = "-Onone";
			};
			name = Debug;
		};
		D44331C424AA282A0027F8FC /* Release */ = {
			isa = XCBuildConfiguration;
			buildSettings = {
				ALWAYS_SEARCH_USER_PATHS = NO;
				CLANG_ANALYZER_NONNULL = YES;
				CLANG_ANALYZER_NUMBER_OBJECT_CONVERSION = YES_AGGRESSIVE;
				CLANG_CXX_LANGUAGE_STANDARD = "gnu++14";
				CLANG_CXX_LIBRARY = "libc++";
				CLANG_ENABLE_MODULES = YES;
				CLANG_ENABLE_OBJC_ARC = YES;
				CLANG_ENABLE_OBJC_WEAK = YES;
				CLANG_WARN_BLOCK_CAPTURE_AUTORELEASING = YES;
				CLANG_WARN_BOOL_CONVERSION = YES;
				CLANG_WARN_COMMA = YES;
				CLANG_WARN_CONSTANT_CONVERSION = YES;
				CLANG_WARN_DEPRECATED_OBJC_IMPLEMENTATIONS = YES;
				CLANG_WARN_DIRECT_OBJC_ISA_USAGE = YES_ERROR;
				CLANG_WARN_DOCUMENTATION_COMMENTS = YES;
				CLANG_WARN_EMPTY_BODY = YES;
				CLANG_WARN_ENUM_CONVERSION = YES;
				CLANG_WARN_INFINITE_RECURSION = YES;
				CLANG_WARN_INT_CONVERSION = YES;
				CLANG_WARN_NON_LITERAL_NULL_CONVERSION = YES;
				CLANG_WARN_OBJC_IMPLICIT_RETAIN_SELF = YES;
				CLANG_WARN_OBJC_LITERAL_CONVERSION = YES;
				CLANG_WARN_OBJC_ROOT_CLASS = YES_ERROR;
				CLANG_WARN_RANGE_LOOP_ANALYSIS = YES;
				CLANG_WARN_STRICT_PROTOTYPES = YES;
				CLANG_WARN_SUSPICIOUS_MOVE = YES;
				CLANG_WARN_UNGUARDED_AVAILABILITY = YES_AGGRESSIVE;
				CLANG_WARN_UNREACHABLE_CODE = YES;
				CLANG_WARN__DUPLICATE_METHOD_MATCH = YES;
				COPY_PHASE_STRIP = NO;
				DEBUG_INFORMATION_FORMAT = "dwarf-with-dsym";
				ENABLE_NS_ASSERTIONS = NO;
				ENABLE_STRICT_OBJC_MSGSEND = YES;
				GCC_C_LANGUAGE_STANDARD = gnu11;
				GCC_NO_COMMON_BLOCKS = YES;
				GCC_WARN_64_TO_32_BIT_CONVERSION = YES;
				GCC_WARN_ABOUT_RETURN_TYPE = YES_ERROR;
				GCC_WARN_UNDECLARED_SELECTOR = YES;
				GCC_WARN_UNINITIALIZED_AUTOS = YES_AGGRESSIVE;
				GCC_WARN_UNUSED_FUNCTION = YES;
				GCC_WARN_UNUSED_VARIABLE = YES;
				IPHONEOS_DEPLOYMENT_TARGET = 13.4;
				MTL_ENABLE_DEBUG_INFO = NO;
				MTL_FAST_MATH = YES;
				SDKROOT = iphoneos;
				SWIFT_COMPILATION_MODE = wholemodule;
				SWIFT_OPTIMIZATION_LEVEL = "-O";
				VALIDATE_PRODUCT = YES;
			};
			name = Release;
		};
		D44331C624AA282A0027F8FC /* Debug */ = {
			isa = XCBuildConfiguration;
			baseConfigurationReference = AC080105AC52A9591C362B5C /* Pods-touch-event-practice.debug.xcconfig */;
			buildSettings = {
				ASSETCATALOG_COMPILER_APPICON_NAME = AppIcon;
				CODE_SIGN_STYLE = Automatic;
				INFOPLIST_FILE = "touch-event-practice/Info.plist";
				LD_RUNPATH_SEARCH_PATHS = (
					"$(inherited)",
					"@executable_path/Frameworks",
				);
				PRODUCT_BUNDLE_IDENTIFIER = "hogee.touch-event-practice";
				PRODUCT_NAME = "$(TARGET_NAME)";
				SWIFT_VERSION = 5.0;
				TARGETED_DEVICE_FAMILY = "1,2";
			};
			name = Debug;
		};
		D44331C724AA282A0027F8FC /* Release */ = {
			isa = XCBuildConfiguration;
			baseConfigurationReference = 49723FE1CD68D3CE675C0D62 /* Pods-touch-event-practice.release.xcconfig */;
			buildSettings = {
				ASSETCATALOG_COMPILER_APPICON_NAME = AppIcon;
				CODE_SIGN_STYLE = Automatic;
				INFOPLIST_FILE = "touch-event-practice/Info.plist";
				LD_RUNPATH_SEARCH_PATHS = (
					"$(inherited)",
					"@executable_path/Frameworks",
				);
				PRODUCT_BUNDLE_IDENTIFIER = "hogee.touch-event-practice";
				PRODUCT_NAME = "$(TARGET_NAME)";
				SWIFT_VERSION = 5.0;
				TARGETED_DEVICE_FAMILY = "1,2";
			};
			name = Release;
		};
/* End XCBuildConfiguration section */

/* Begin XCConfigurationList section */
		D44331AC24AA28290027F8FC /* Build configuration list for PBXProject "touch-event-practice" */ = {
			isa = XCConfigurationList;
			buildConfigurations = (
				D44331C324AA282A0027F8FC /* Debug */,
				D44331C424AA282A0027F8FC /* Release */,
			);
			defaultConfigurationIsVisible = 0;
			defaultConfigurationName = Release;
		};
		D44331C524AA282A0027F8FC /* Build configuration list for PBXNativeTarget "touch-event-practice" */ = {
			isa = XCConfigurationList;
			buildConfigurations = (
				D44331C624AA282A0027F8FC /* Debug */,
				D44331C724AA282A0027F8FC /* Release */,
			);
			defaultConfigurationIsVisible = 0;
			defaultConfigurationName = Release;
		};
/* End XCConfigurationList section */
	};
	rootObject = D44331A924AA28290027F8FC /* Project object */;
}
